{
  "originHash" : "aff79966f0e75e396b271f11293769d4a833d45e6c3ea2f5ff3b8aac89cf92a1",
  "pins" : [
    {
      "identity" : "murmurhash-swift",
      "kind" : "remoteSourceControl",
      "location" : "https://github.com/daisuke-t-jp/MurmurHash-Swift",
      "state" : {
        "revision" : "7e69bedaaaea09673524d83de12dac6e09d5b74a",
        "version" : "1.1.1"
      }
    }
  ],
  "version" : 3
}
